
Microsoft Visual Studio Solution File, Format Version 12.00
# Visual Studio Version 17
VisualStudioVersion = 17.5.002.0
MinimumVisualStudioVersion = 10.0.40219.1
Project("{2150E333-8FDC-42A3-9474-1A3956D46DE8}") = "dotNET", "dotNET", "{DD394207-2853-44A6-BBA0-71DCD67FFE57}"
EndProject
Project("{2150E333-8FDC-42A3-9474-1A3956D46DE8}") = "docker-dotnet-sample", "docker-dotnet-sample", "{2255CEDF-F983-40B1-AF76-DF230CA288FC}"
EndProject
Project("{9A19103F-16F7-4668-BE54-9A1E7A4F7556}") = "myWebApp", "dotNET\docker-dotnet-sample\src\myWebApp.csproj", "{A2A0989E-B794-4014-AA40-F25E068D2B19}"
EndProject
Global
	GlobalSection(SolutionConfigurationPlatforms) = preSolution
		Debug|Any CPU = Debug|Any CPU
		Release|Any CPU = Release|Any CPU
	EndGlobalSection
	GlobalSection(ProjectConfigurationPlatforms) = postSolution
		{A2A0989E-B794-4014-AA40-F25E068D2B19}.Debug|Any CPU.ActiveCfg = Debug|Any CPU
		{A2A0989E-B794-4014-AA40-F25E068D2B19}.Debug|Any CPU.Build.0 = Debug|Any CPU
		{A2A0989E-B794-4014-AA40-F25E068D2B19}.Release|Any CPU.ActiveCfg = Release|Any CPU
		{A2A0989E-B794-4014-AA40-F25E068D2B19}.Release|Any CPU.Build.0 = Release|Any CPU
	EndGlobalSection
	GlobalSection(SolutionProperties) = preSolution
		HideSolutionNode = FALSE
	EndGlobalSection
	GlobalSection(NestedProjects) = preSolution
		{2255CEDF-F983-40B1-AF76-DF230CA288FC} = {DD394207-2853-44A6-BBA0-71DCD67FFE57}
		{A2A0989E-B794-4014-AA40-F25E068D2B19} = {2255CEDF-F983-40B1-AF76-DF230CA288FC}
	EndGlobalSection
	GlobalSection(ExtensibilityGlobals) = postSolution
		SolutionGuid = {814F8E0D-AF4D-40F7-8E49-DFABA8E371B8}
	EndGlobalSection
EndGlobal
